
Microsoft Visual Studio Solution File, Format Version 12.00
# Visual Studio Version 17
VisualStudioVersion = 17.14.36221.1 d17.14
MinimumVisualStudioVersion = 10.0.40219.1
Project("{FAE04EC0-301F-11D3-BF4B-00C04F79EFBC}") = "MiniBancoCLI", "MiniBancoCLI\MiniBancoCLI.csproj", "{3582474C-7C96-4764-85FB-A925D4A29D3A}"
EndProject
Global
	GlobalSection(SolutionConfigurationPlatforms) = preSolution
		Debug|Any CPU = Debug|Any CPU
		Release|Any CPU = Release|Any CPU
	EndGlobalSection
	GlobalSection(ProjectConfigurationPlatforms) = postSolution
		{3582474C-7C96-4764-85FB-A925D4A29D3A}.Debug|Any CPU.ActiveCfg = Debug|Any CPU
		{3582474C-7C96-4764-85FB-A925D4A29D3A}.Debug|Any CPU.Build.0 = Debug|Any CPU
		{3582474C-7C96-4764-85FB-A925D4A29D3A}.Release|Any CPU.ActiveCfg = Release|Any CPU
		{3582474C-7C96-4764-85FB-A925D4A29D3A}.Release|Any CPU.Build.0 = Release|Any CPU
	EndGlobalSection
	GlobalSection(SolutionProperties) = preSolution
		HideSolutionNode = FALSE
	EndGlobalSection
	GlobalSection(ExtensibilityGlobals) = postSolution
		SolutionGuid = {1E36DC5D-4DA4-4C0E-8394-4E337B698CF4}
	EndGlobalSection
EndGlobal
